<?xml version="1.0" encoding="utf-8"?>
<Project ToolsVersion="4.0" xmlns="http://schemas.microsoft.com/developer/msbuild/2003">
  <ItemGroup>
    <Filter Include="Source Files">
      <UniqueIdentifier>{4FC737F1-C7A5-4376-A066-2A32D752A2FF}</UniqueIdentifier>
      <Extensions>cpp;c;cc;cxx;c++;cppm;ixx;def;odl;idl;hpj;bat;asm;asmx</Extensions>
    </Filter>
    <Filter Include="Header Files">
      <UniqueIdentifier>{93995380-89BD-4b04-88EB-625FBE52EBFB}</UniqueIdentifier>
      <Extensions>h;hh;hpp;hxx;h++;hm;inl;inc;ipp;xsd</Extensions>
    </Filter>
    <Filter Include="Resource Files">
      <UniqueIdentifier>{67DA6AB6-F800-4c08-8B7A-83BB121AAD01}</UniqueIdentifier>
      <Extensions>rc;ico;cur;bmp;dlg;rc2;rct;bin;rgs;gif;jpg;jpeg;jpe;resx;tiff;tif;png;wav;mfcribbon-ms</Extensions>
    </Filter>
    <Filter Include="Source Files\shaders">
      <UniqueIdentifier>{cb531f2a-90cb-45fe-84cb-054fc451e210}</UniqueIdentifier>
    </Filter>
    <Filter Include="Source Files\shaders\2d">
      <UniqueIdentifier>{cedbc9dd-3331-4463-a4da-9896d2259767}</UniqueIdentifier>
    </Filter>
    <Filter Include="Source Files\images">
      <UniqueIdentifier>{ea6a6140-2d4a-4a96-b7bc-7d96b486410d}</UniqueIdentifier>
    </Filter>
  </ItemGroup>
  <ItemGroup>
    <ClCompile Include="camera2d.cpp">
      <Filter>Source Files</Filter>
    </ClCompile>
    <ClCompile Include="color.cpp">
      <Filter>Source Files</Filter>
    </ClCompile>
    <ClCompile Include="computeshader.cpp">
      <Filter>Source Files</Filter>
    </ClCompile>
    <ClCompile Include="error.cpp">
      <Filter>Source Files</Filter>
    </ClCompile>
    <ClCompile Include="light.cpp">
      <Filter>Source Files</Filter>
    </ClCompile>
    <ClCompile Include="main_2d.cpp">
      <Filter>Source Files</Filter>
    </ClCompile>
    <ClCompile Include="node.cpp">
      <Filter>Source Files</Filter>
    </ClCompile>
    <ClCompile Include="scene.cpp">
      <Filter>Source Files</Filter>
    </ClCompile>
    <ClCompile Include="shader.cpp">
      <Filter>Source Files</Filter>
    </ClCompile>
    <ClCompile Include="state.cpp">
      <Filter>Source Files</Filter>
    </ClCompile>
    <ClCompile Include="texture.cpp">
      <Filter>Source Files</Filter>
    </ClCompile>
    <ClCompile Include="transform.cpp">
      <Filter>Source Files</Filter>
    </ClCompile>
    <ClCompile Include="quad.cpp">
      <Filter>Source Files</Filter>
    </ClCompile>
    <ClCompile Include="triangle.cpp">
      <Filter>Source Files</Filter>
    </ClCompile>
    <ClCompile Include="arcball.cpp">
      <Filter>Source Files</Filter>
    </ClCompile>
    <ClCompile Include="camera3d.cpp">
      <Filter>Source Files</Filter>
    </ClCompile>
    <ClCompile Include="cube.cpp">
      <Filter>Source Files</Filter>
    </ClCompile>
    <ClCompile Include="framebuffer.cpp">
      <Filter>Source Files</Filter>
    </ClCompile>
    <ClCompile Include="grid.cpp">
      <Filter>Source Files</Filter>
    </ClCompile>
    <ClCompile Include="image.cpp">
      <Filter>Source Files</Filter>
    </ClCompile>
    <ClCompile Include="material.cpp">
      <Filter>Source Files</Filter>
    </ClCompile>
    <ClCompile Include="mesh.cpp">
      <Filter>Source Files</Filter>
    </ClCompile>
    <ClCompile Include="polyoffset.cpp">
      <Filter>Source Files</Filter>
    </ClCompile>
    <ClCompile Include="sphere.cpp">
      <Filter>Source Files</Filter>
    </ClCompile>
    <ClCompile Include="texbuffer.cpp">
      <Filter>Source Files</Filter>
    </ClCompile>
    <ClCompile Include="texcube.cpp">
      <Filter>Source Files</Filter>
    </ClCompile>
    <ClCompile Include="texdepth.cpp">
      <Filter>Source Files</Filter>
    </ClCompile>
    <ClCompile Include="glad.c">
      <Filter>Source Files</Filter>
    </ClCompile>
    <ClCompile Include="disk.cpp">
      <Filter>Source Files</Filter>
    </ClCompile>
  </ItemGroup>
  <ItemGroup>
    <ClInclude Include="appearance.h">
      <Filter>Header Files</Filter>
    </ClInclude>
    <ClInclude Include="camera2d.h">
      <Filter>Header Files</Filter>
    </ClInclude>
    <ClInclude Include="color.h">
      <Filter>Header Files</Filter>
    </ClInclude>
    <ClInclude Include="computeshader.h">
      <Filter>Header Files</Filter>
    </ClInclude>
    <ClInclude Include="disk.h">
      <Filter>Header Files</Filter>
    </ClInclude>
    <ClInclude Include="error.h">
      <Filter>Header Files</Filter>
    </ClInclude>
    <ClInclude Include="light.h">
      <Filter>Header Files</Filter>
    </ClInclude>
    <ClInclude Include="node.h">
      <Filter>Header Files</Filter>
    </ClInclude>
    <ClInclude Include="scene.h">
      <Filter>Header Files</Filter>
    </ClInclude>
    <ClInclude Include="shader.h">
      <Filter>Header Files</Filter>
    </ClInclude>
    <ClInclude Include="shape.h">
      <Filter>Header Files</Filter>
    </ClInclude>
    <ClInclude Include="state.h">
      <Filter>Header Files</Filter>
    </ClInclude>
    <ClInclude Include="texture.h">
      <Filter>Header Files</Filter>
    </ClInclude>
    <ClInclude Include="transform.h">
      <Filter>Header Files</Filter>
    </ClInclude>
    <ClInclude Include="engine.h">
      <Filter>Header Files</Filter>
    </ClInclude>
    <ClInclude Include="quad.h">
      <Filter>Header Files</Filter>
    </ClInclude>
    <ClInclude Include="triangle.h">
      <Filter>Header Files</Filter>
    </ClInclude>
    <ClInclude Include="grid.h">
      <Filter>Header Files</Filter>
    </ClInclude>
  </ItemGroup>
  <ItemGroup>
    <None Include="shaders\2d\fragment.glsl">
      <Filter>Source Files\shaders\2d</Filter>
    </None>
    <None Include="shaders\2d\vertex.glsl">
      <Filter>Source Files\shaders\2d</Filter>
    </None>
    <None Include="images\.DS_Store">
      <Filter>Source Files\images</Filter>
    </None>
  </ItemGroup>
  <ItemGroup>
    <Image Include="images\earth.jpg">
      <Filter>Source Files\images</Filter>
    </Image>
    <Image Include="images\earth-normal.png">
      <Filter>Source Files\images</Filter>
    </Image>
    <Image Include="images\lena_color_512.tif">
      <Filter>Source Files\images</Filter>
    </Image>
    <Image Include="images\noise.png">
      <Filter>Source Files\images</Filter>
    </Image>
    <Image Include="images\paper.jpg">
      <Filter>Source Files\images</Filter>
    </Image>
    <Image Include="images\skybox.jpg">
      <Filter>Source Files\images</Filter>
    </Image>
    <Image Include="images\skytest.png">
      <Filter>Source Files\images</Filter>
    </Image>
    <Image Include="images\smile_face.jpg">
      <Filter>Source Files\images</Filter>
    </Image>
    <Image Include="images\stopwatch.jpg">
      <Filter>Source Files\images</Filter>
    </Image>
    <Image Include="images\Lebron.jpg">
      <Filter>Source Files\images</Filter>
    </Image>
  </ItemGroup>
</Project>